
Microsoft Visual Studio Solution File, Format Version 12.00
# Visual Studio Version 17
VisualStudioVersion = 17.5.002.0
MinimumVisualStudioVersion = 10.0.40219.1
Project("{9A19103F-16F7-4668-BE54-9A1E7A4F7556}") = "MiniPki", "MiniPki.csproj", "{B70535E0-7B18-4089-82F6-E7939322DFE3}"
EndProject
Global
	GlobalSection(SolutionConfigurationPlatforms) = preSolution
		Debug|Any CPU = Debug|Any CPU
		Release|Any CPU = Release|Any CPU
	EndGlobalSection
	GlobalSection(ProjectConfigurationPlatforms) = postSolution
		{B70535E0-7B18-4089-82F6-E7939322DFE3}.Debug|Any CPU.ActiveCfg = Debug|Any CPU
		{B70535E0-7B18-4089-82F6-E7939322DFE3}.Debug|Any CPU.Build.0 = Debug|Any CPU
		{B70535E0-7B18-4089-82F6-E7939322DFE3}.Release|Any CPU.ActiveCfg = Release|Any CPU
		{B70535E0-7B18-4089-82F6-E7939322DFE3}.Release|Any CPU.Build.0 = Release|Any CPU
	EndGlobalSection
	GlobalSection(SolutionProperties) = preSolution
		HideSolutionNode = FALSE
	EndGlobalSection
	GlobalSection(ExtensibilityGlobals) = postSolution
		SolutionGuid = {91E141A1-46D0-4283-913E-E5FD5FBABF14}
	EndGlobalSection
EndGlobal
